// !$*UTF8*$!
{
	archiveVersion = 1;
	classes = {
	};
	objectVersion = 55;
	objects = {

/* Begin PBXBuildFile section */
		7FC8D76F339836A7B9DA68D8 /* Pods_TaskOne.framework in Frameworks */ = {isa = PBXBuildFile; fileRef = 71CE9ABEB33CBC6666C5E179 /* Pods_TaskOne.framework */; };
		E4A105EF2823FBF300F03B85 /* AppDelegate.swift in Sources */ = {isa = PBXBuildFile; fileRef = E4A105EE2823FBF300F03B85 /* AppDelegate.swift */; };
		E4A105F12823FBF300F03B85 /* SceneDelegate.swift in Sources */ = {isa = PBXBuildFile; fileRef = E4A105F02823FBF300F03B85 /* SceneDelegate.swift */; };
		E4A105F32823FBF300F03B85 /* MainTabBarController.swift in Sources */ = {isa = PBXBuildFile; fileRef = E4A105F22823FBF300F03B85 /* MainTabBarController.swift */; };
		E4A105F62823FBF300F03B85 /* Main.storyboard in Resources */ = {isa = PBXBuildFile; fileRef = E4A105F42823FBF300F03B85 /* Main.storyboard */; };
		E4A105F92823FBF300F03B85 /* TaskOne.xcdatamodeld in Sources */ = {isa = PBXBuildFile; fileRef = E4A105F72823FBF300F03B85 /* TaskOne.xcdatamodeld */; };
		E4A105FB2823FBF300F03B85 /* Assets.xcassets in Resources */ = {isa = PBXBuildFile; fileRef = E4A105FA2823FBF300F03B85 /* Assets.xcassets */; };
		E4A105FE2823FBF300F03B85 /* LaunchScreen.storyboard in Resources */ = {isa = PBXBuildFile; fileRef = E4A105FC2823FBF300F03B85 /* LaunchScreen.storyboard */; };
		E4A106092823FC4B00F03B85 /* SearchViewController.swift in Sources */ = {isa = PBXBuildFile; fileRef = E4A106082823FC4B00F03B85 /* SearchViewController.swift */; };
		E4A1060C2823FC7B00F03B85 /* SavedMoviesViewController.swift in Sources */ = {isa = PBXBuildFile; fileRef = E4A1060B2823FC7B00F03B85 /* SavedMoviesViewController.swift */; };
		E4A1060E2823FD2100F03B85 /* MovieDetailViewController.swift in Sources */ = {isa = PBXBuildFile; fileRef = E4A1060D2823FD2100F03B85 /* MovieDetailViewController.swift */; };
		E4A106102824058200F03B85 /* MovieCell.swift in Sources */ = {isa = PBXBuildFile; fileRef = E4A1060F2824058200F03B85 /* MovieCell.swift */; };
		E4A106132824085C00F03B85 /* NetworkService.swift in Sources */ = {isa = PBXBuildFile; fileRef = E4A106122824085C00F03B85 /* NetworkService.swift */; };
		E4A10616282408B200F03B85 /* Constants.swift in Sources */ = {isa = PBXBuildFile; fileRef = E4A10615282408B200F03B85 /* Constants.swift */; };
		E4A1061828240ABF00F03B85 /* MovieAPIResponse.swift in Sources */ = {isa = PBXBuildFile; fileRef = E4A1061728240ABF00F03B85 /* MovieAPIResponse.swift */; };
/* End PBXBuildFile section */

/* Begin PBXFileReference section */
		622CB305B42D955630497A79 /* Pods-TaskOne.debug.xcconfig */ = {isa = PBXFileReference; includeInIndex = 1; lastKnownFileType = text.xcconfig; name = "Pods-TaskOne.debug.xcconfig"; path = "Target Support Files/Pods-TaskOne/Pods-TaskOne.debug.xcconfig"; sourceTree = "<group>"; };
		71CE9ABEB33CBC6666C5E179 /* Pods_TaskOne.framework */ = {isa = PBXFileReference; explicitFileType = wrapper.framework; includeInIndex = 0; path = Pods_TaskOne.framework; sourceTree = BUILT_PRODUCTS_DIR; };
		E4A105EB2823FBF300F03B85 /* TaskOne.app */ = {isa = PBXFileReference; explicitFileType = wrapper.application; includeInIndex = 0; path = TaskOne.app; sourceTree = BUILT_PRODUCTS_DIR; };
		E4A105EE2823FBF300F03B85 /* AppDelegate.swift */ = {isa = PBXFileReference; lastKnownFileType = sourcecode.swift; path = AppDelegate.swift; sourceTree = "<group>"; };
		E4A105F02823FBF300F03B85 /* SceneDelegate.swift */ = {isa = PBXFileReference; lastKnownFileType = sourcecode.swift; path = SceneDelegate.swift; sourceTree = "<group>"; };
		E4A105F22823FBF300F03B85 /* MainTabBarController.swift */ = {isa = PBXFileReference; lastKnownFileType = sourcecode.swift; path = MainTabBarController.swift; sourceTree = "<group>"; };
		E4A105F52823FBF300F03B85 /* Base */ = {isa = PBXFileReference; lastKnownFileType = file.storyboard; name = Base; path = Base.lproj/Main.storyboard; sourceTree = "<group>"; };
		E4A105F82823FBF300F03B85 /* TaskOne.xcdatamodel */ = {isa = PBXFileReference; lastKnownFileType = wrapper.xcdatamodel; path = TaskOne.xcdatamodel; sourceTree = "<group>"; };
		E4A105FA2823FBF300F03B85 /* Assets.xcassets */ = {isa = PBXFileReference; lastKnownFileType = folder.assetcatalog; path = Assets.xcassets; sourceTree = "<group>"; };
		E4A105FD2823FBF300F03B85 /* Base */ = {isa = PBXFileReference; lastKnownFileType = file.storyboard; name = Base; path = Base.lproj/LaunchScreen.storyboard; sourceTree = "<group>"; };
		E4A105FF2823FBF300F03B85 /* Info.plist */ = {isa = PBXFileReference; lastKnownFileType = text.plist.xml; path = Info.plist; sourceTree = "<group>"; };
		E4A106082823FC4B00F03B85 /* SearchViewController.swift */ = {isa = PBXFileReference; lastKnownFileType = sourcecode.swift; path = SearchViewController.swift; sourceTree = "<group>"; };
		E4A1060B2823FC7B00F03B85 /* SavedMoviesViewController.swift */ = {isa = PBXFileReference; lastKnownFileType = sourcecode.swift; path = SavedMoviesViewController.swift; sourceTree = "<group>"; };
		E4A1060D2823FD2100F03B85 /* MovieDetailViewController.swift */ = {isa = PBXFileReference; lastKnownFileType = sourcecode.swift; path = MovieDetailViewController.swift; sourceTree = "<group>"; };
		E4A1060F2824058200F03B85 /* MovieCell.swift */ = {isa = PBXFileReference; lastKnownFileType = sourcecode.swift; path = MovieCell.swift; sourceTree = "<group>"; };
		E4A106122824085C00F03B85 /* NetworkService.swift */ = {isa = PBXFileReference; lastKnownFileType = sourcecode.swift; path = NetworkService.swift; sourceTree = "<group>"; };
		E4A10615282408B200F03B85 /* Constants.swift */ = {isa = PBXFileReference; lastKnownFileType = sourcecode.swift; path = Constants.swift; sourceTree = "<group>"; };
		E4A1061728240ABF00F03B85 /* MovieAPIResponse.swift */ = {isa = PBXFileReference; lastKnownFileType = sourcecode.swift; path = MovieAPIResponse.swift; sourceTree = "<group>"; };
		F63527A51F6E0C355F45A059 /* Pods-TaskOne.release.xcconfig */ = {isa = PBXFileReference; includeInIndex = 1; lastKnownFileType = text.xcconfig; name = "Pods-TaskOne.release.xcconfig"; path = "Target Support Files/Pods-TaskOne/Pods-TaskOne.release.xcconfig"; sourceTree = "<group>"; };
/* End PBXFileReference section */

/* Begin PBXFrameworksBuildPhase section */
		E4A105E82823FBF300F03B85 /* Frameworks */ = {
			isa = PBXFrameworksBuildPhase;
			buildActionMask = 2147483647;
			files = (
				7FC8D76F339836A7B9DA68D8 /* Pods_TaskOne.framework in Frameworks */,
			);
			runOnlyForDeploymentPostprocessing = 0;
		};
/* End PBXFrameworksBuildPhase section */

/* Begin PBXGroup section */
		9F5027483922CE726F8CEA17 /* Pods */ = {
			isa = PBXGroup;
			children = (
				622CB305B42D955630497A79 /* Pods-TaskOne.debug.xcconfig */,
				F63527A51F6E0C355F45A059 /* Pods-TaskOne.release.xcconfig */,
			);
			name = Pods;
			path = Pods;
			sourceTree = "<group>";
		};
		D347442DABF2FD04C9BAD64D /* Frameworks */ = {
			isa = PBXGroup;
			children = (
				71CE9ABEB33CBC6666C5E179 /* Pods_TaskOne.framework */,
			);
			name = Frameworks;
			sourceTree = "<group>";
		};
		E4A105E22823FBF300F03B85 = {
			isa = PBXGroup;
			children = (
				E4A105ED2823FBF300F03B85 /* TaskOne */,
				E4A105EC2823FBF300F03B85 /* Products */,
				9F5027483922CE726F8CEA17 /* Pods */,
				D347442DABF2FD04C9BAD64D /* Frameworks */,
			);
			sourceTree = "<group>";
		};
		E4A105EC2823FBF300F03B85 /* Products */ = {
			isa = PBXGroup;
			children = (
				E4A105EB2823FBF300F03B85 /* TaskOne.app */,
			);
			name = Products;
			sourceTree = "<group>";
		};
		E4A105ED2823FBF300F03B85 /* TaskOne */ = {
			isa = PBXGroup;
			children = (
				E4A10614282408A800F03B85 /* Constants */,
				E4A106112824084A00F03B85 /* Service */,
				E4A106072823FC0E00F03B85 /* Controller */,
				E4A106062823FC0700F03B85 /* View */,
				E4A106052823FC0200F03B85 /* Model */,
				E4A105EE2823FBF300F03B85 /* AppDelegate.swift */,
				E4A105F02823FBF300F03B85 /* SceneDelegate.swift */,
				E4A105F42823FBF300F03B85 /* Main.storyboard */,
				E4A105FA2823FBF300F03B85 /* Assets.xcassets */,
				E4A105FC2823FBF300F03B85 /* LaunchScreen.storyboard */,
				E4A105FF2823FBF300F03B85 /* Info.plist */,
				E4A105F72823FBF300F03B85 /* TaskOne.xcdatamodeld */,
			);
			path = TaskOne;
			sourceTree = "<group>";
		};
		E4A106052823FC0200F03B85 /* Model */ = {
			isa = PBXGroup;
			children = (
				E4A1061728240ABF00F03B85 /* MovieAPIResponse.swift */,
			);
			path = Model;
			sourceTree = "<group>";
		};
		E4A106062823FC0700F03B85 /* View */ = {
			isa = PBXGroup;
			children = (
				E4A1060F2824058200F03B85 /* MovieCell.swift */,
			);
			path = View;
			sourceTree = "<group>";
		};
		E4A106072823FC0E00F03B85 /* Controller */ = {
			isa = PBXGroup;
			children = (
				E4A105F22823FBF300F03B85 /* MainTabBarController.swift */,
				E4A106082823FC4B00F03B85 /* SearchViewController.swift */,
				E4A1060B2823FC7B00F03B85 /* SavedMoviesViewController.swift */,
				E4A1060D2823FD2100F03B85 /* MovieDetailViewController.swift */,
			);
			path = Controller;
			sourceTree = "<group>";
		};
		E4A106112824084A00F03B85 /* Service */ = {
			isa = PBXGroup;
			children = (
				E4A106122824085C00F03B85 /* NetworkService.swift */,
			);
			path = Service;
			sourceTree = "<group>";
		};
		E4A10614282408A800F03B85 /* Constants */ = {
			isa = PBXGroup;
			children = (
				E4A10615282408B200F03B85 /* Constants.swift */,
			);
			path = Constants;
			sourceTree = "<group>";
		};
/* End PBXGroup section */

/* Begin PBXNativeTarget section */
		E4A105EA2823FBF300F03B85 /* TaskOne */ = {
			isa = PBXNativeTarget;
			buildConfigurationList = E4A106022823FBF300F03B85 /* Build configuration list for PBXNativeTarget "TaskOne" */;
			buildPhases = (
				D7CDC4440BD4409FF3ACEA5B /* [CP] Check Pods Manifest.lock */,
				E4A105E72823FBF300F03B85 /* Sources */,
				E4A105E82823FBF300F03B85 /* Frameworks */,
				E4A105E92823FBF300F03B85 /* Resources */,
				CAA598372A859B19657093E1 /* [CP] Embed Pods Frameworks */,
			);
			buildRules = (
			);
			dependencies = (
			);
			name = TaskOne;
			productName = TaskOne;
			productReference = E4A105EB2823FBF300F03B85 /* TaskOne.app */;
			productType = "com.apple.product-type.application";
		};
/* End PBXNativeTarget section */

/* Begin PBXProject section */
		E4A105E32823FBF300F03B85 /* Project object */ = {
			isa = PBXProject;
			attributes = {
				BuildIndependentTargetsInParallel = 1;
				LastSwiftUpdateCheck = 1330;
				LastUpgradeCheck = 1330;
				TargetAttributes = {
					E4A105EA2823FBF300F03B85 = {
						CreatedOnToolsVersion = 13.3;
					};
				};
			};
			buildConfigurationList = E4A105E62823FBF300F03B85 /* Build configuration list for PBXProject "TaskOne" */;
			compatibilityVersion = "Xcode 13.0";
			developmentRegion = en;
			hasScannedForEncodings = 0;
			knownRegions = (
				en,
				Base,
			);
			mainGroup = E4A105E22823FBF300F03B85;
			productRefGroup = E4A105EC2823FBF300F03B85 /* Products */;
			projectDirPath = "";
			projectRoot = "";
			targets = (
				E4A105EA2823FBF300F03B85 /* TaskOne */,
			);
		};
/* End PBXProject section */

/* Begin PBXResourcesBuildPhase section */
		E4A105E92823FBF300F03B85 /* Resources */ = {
			isa = PBXResourcesBuildPhase;
			buildActionMask = 2147483647;
			files = (
				E4A105FE2823FBF300F03B85 /* LaunchScreen.storyboard in Resources */,
				E4A105FB2823FBF300F03B85 /* Assets.xcassets in Resources */,
				E4A105F62823FBF300F03B85 /* Main.storyboard in Resources */,
			);
			runOnlyForDeploymentPostprocessing = 0;
		};
/* End PBXResourcesBuildPhase section */

/* Begin PBXShellScriptBuildPhase section */
		CAA598372A859B19657093E1 /* [CP] Embed Pods Frameworks */ = {
			isa = PBXShellScriptBuildPhase;
			buildActionMask = 2147483647;
			files = (
			);
			inputFileListPaths = (
				"${PODS_ROOT}/Target Support Files/Pods-TaskOne/Pods-TaskOne-frameworks-${CONFIGURATION}-input-files.xcfilelist",
			);
			name = "[CP] Embed Pods Frameworks";
			outputFileListPaths = (
				"${PODS_ROOT}/Target Support Files/Pods-TaskOne/Pods-TaskOne-frameworks-${CONFIGURATION}-output-files.xcfilelist",
			);
			runOnlyForDeploymentPostprocessing = 0;
			shellPath = /bin/sh;
			shellScript = "\"${PODS_ROOT}/Target Support Files/Pods-TaskOne/Pods-TaskOne-frameworks.sh\"\n";
			showEnvVarsInLog = 0;
		};
		D7CDC4440BD4409FF3ACEA5B /* [CP] Check Pods Manifest.lock */ = {
			isa = PBXShellScriptBuildPhase;
			buildActionMask = 2147483647;
			files = (
			);
			inputFileListPaths = (
			);
			inputPaths = (
				"${PODS_PODFILE_DIR_PATH}/Podfile.lock",
				"${PODS_ROOT}/Manifest.lock",
			);
			name = "[CP] Check Pods Manifest.lock";
			outputFileListPaths = (
			);
			outputPaths = (
				"$(DERIVED_FILE_DIR)/Pods-TaskOne-checkManifestLockResult.txt",
			);
			runOnlyForDeploymentPostprocessing = 0;
			shellPath = /bin/sh;
			shellScript = "diff \"${PODS_PODFILE_DIR_PATH}/Podfile.lock\" \"${PODS_ROOT}/Manifest.lock\" > /dev/null\nif [ $? != 0 ] ; then\n    # print error to STDERR\n    echo \"error: The sandbox is not in sync with the Podfile.lock. Run 'pod install' or update your CocoaPods installation.\" >&2\n    exit 1\nfi\n# This output is used by Xcode 'outputs' to avoid re-running this script phase.\necho \"SUCCESS\" > \"${SCRIPT_OUTPUT_FILE_0}\"\n";
			showEnvVarsInLog = 0;
		};
/* End PBXShellScriptBuildPhase section */

/* Begin PBXSourcesBuildPhase section */
		E4A105E72823FBF300F03B85 /* Sources */ = {
			isa = PBXSourcesBuildPhase;
			buildActionMask = 2147483647;
			files = (
				E4A106092823FC4B00F03B85 /* SearchViewController.swift in Sources */,
				E4A1060C2823FC7B00F03B85 /* SavedMoviesViewController.swift in Sources */,
				E4A1061828240ABF00F03B85 /* MovieAPIResponse.swift in Sources */,
				E4A106102824058200F03B85 /* MovieCell.swift in Sources */,
				E4A105F32823FBF300F03B85 /* MainTabBarController.swift in Sources */,
				E4A106132824085C00F03B85 /* NetworkService.swift in Sources */,
				E4A10616282408B200F03B85 /* Constants.swift in Sources */,
				E4A105F92823FBF300F03B85 /* TaskOne.xcdatamodeld in Sources */,
				E4A1060E2823FD2100F03B85 /* MovieDetailViewController.swift in Sources */,
				E4A105EF2823FBF300F03B85 /* AppDelegate.swift in Sources */,
				E4A105F12823FBF300F03B85 /* SceneDelegate.swift in Sources */,
			);
			runOnlyForDeploymentPostprocessing = 0;
		};
/* End PBXSourcesBuildPhase section */

/* Begin PBXVariantGroup section */
		E4A105F42823FBF300F03B85 /* Main.storyboard */ = {
			isa = PBXVariantGroup;
			children = (
				E4A105F52823FBF300F03B85 /* Base */,
			);
			name = Main.storyboard;
			sourceTree = "<group>";
		};
		E4A105FC2823FBF300F03B85 /* LaunchScreen.storyboard */ = {
			isa = PBXVariantGroup;
			children = (
				E4A105FD2823FBF300F03B85 /* Base */,
			);
			name = LaunchScreen.storyboard;
			sourceTree = "<group>";
		};
/* End PBXVariantGroup section */

/* Begin XCBuildConfiguration section */
		E4A106002823FBF300F03B85 /* Debug */ = {
			isa = XCBuildConfiguration;
			buildSettings = {
				ALWAYS_SEARCH_USER_PATHS = NO;
				CLANG_ANALYZER_NONNULL = YES;
				CLANG_ANALYZER_NUMBER_OBJECT_CONVERSION = YES_AGGRESSIVE;
				CLANG_CXX_LANGUAGE_STANDARD = "gnu++17";
				CLANG_ENABLE_MODULES = YES;
				CLANG_ENABLE_OBJC_ARC = YES;
				CLANG_ENABLE_OBJC_WEAK = YES;
				CLANG_WARN_BLOCK_CAPTURE_AUTORELEASING = YES;
				CLANG_WARN_BOOL_CONVERSION = YES;
				CLANG_WARN_COMMA = YES;
				CLANG_WARN_CONSTANT_CONVERSION = YES;
				CLANG_WARN_DEPRECATED_OBJC_IMPLEMENTATIONS = YES;
				CLANG_WARN_DIRECT_OBJC_ISA_USAGE = YES_ERROR;
				CLANG_WARN_DOCUMENTATION_COMMENTS = YES;
				CLANG_WARN_EMPTY_BODY = YES;
				CLANG_WARN_ENUM_CONVERSION = YES;
				CLANG_WARN_INFINITE_RECURSION = YES;
				CLANG_WARN_INT_CONVERSION = YES;
				CLANG_WARN_NON_LITERAL_NULL_CONVERSION = YES;
				CLANG_WARN_OBJC_IMPLICIT_RETAIN_SELF = YES;
				CLANG_WARN_OBJC_LITERAL_CONVERSION = YES;
				CLANG_WARN_OBJC_ROOT_CLASS = YES_ERROR;
				CLANG_WARN_QUOTED_INCLUDE_IN_FRAMEWORK_HEADER = YES;
				CLANG_WARN_RANGE_LOOP_ANALYSIS = YES;
				CLANG_WARN_STRICT_PROTOTYPES = YES;
				CLANG_WARN_SUSPICIOUS_MOVE = YES;
				CLANG_WARN_UNGUARDED_AVAILABILITY = YES_AGGRESSIVE;
				CLANG_WARN_UNREACHABLE_CODE = YES;
				CLANG_WARN__DUPLICATE_METHOD_MATCH = YES;
				COPY_PHASE_STRIP = NO;
				DEBUG_INFORMATION_FORMAT = dwarf;
				ENABLE_STRICT_OBJC_MSGSEND = YES;
				ENABLE_TESTABILITY = YES;
				GCC_C_LANGUAGE_STANDARD = gnu11;
				GCC_DYNAMIC_NO_PIC = NO;
				GCC_NO_COMMON_BLOCKS = YES;
				GCC_OPTIMIZATION_LEVEL = 0;
				GCC_PREPROCESSOR_DEFINITIONS = (
					"DEBUG=1",
					"$(inherited)",
				);
				GCC_WARN_64_TO_32_BIT_CONVERSION = YES;
				GCC_WARN_ABOUT_RETURN_TYPE = YES_ERROR;
				GCC_WARN_UNDECLARED_SELECTOR = YES;
				GCC_WARN_UNINITIALIZED_AUTOS = YES_AGGRESSIVE;
				GCC_WARN_UNUSED_FUNCTION = YES;
				GCC_WARN_UNUSED_VARIABLE = YES;
				IPHONEOS_DEPLOYMENT_TARGET = 15.4;
				MTL_ENABLE_DEBUG_INFO = INCLUDE_SOURCE;
				MTL_FAST_MATH = YES;
				ONLY_ACTIVE_ARCH = YES;
				SDKROOT = iphoneos;
				SWIFT_ACTIVE_COMPILATION_CONDITIONS = DEBUG;
				SWIFT_OPTIMIZATION_LEVEL = "-Onone";
			};
			name = Debug;
		};
		E4A106012823FBF300F03B85 /* Release */ = {
			isa = XCBuildConfiguration;
			buildSettings = {
				ALWAYS_SEARCH_USER_PATHS = NO;
				CLANG_ANALYZER_NONNULL = YES;
				CLANG_ANALYZER_NUMBER_OBJECT_CONVERSION = YES_AGGRESSIVE;
				CLANG_CXX_LANGUAGE_STANDARD = "gnu++17";
				CLANG_ENABLE_MODULES = YES;
				CLANG_ENABLE_OBJC_ARC = YES;
				CLANG_ENABLE_OBJC_WEAK = YES;
				CLANG_WARN_BLOCK_CAPTURE_AUTORELEASING = YES;
				CLANG_WARN_BOOL_CONVERSION = YES;
				CLANG_WARN_COMMA = YES;
				CLANG_WARN_CONSTANT_CONVERSION = YES;
				CLANG_WARN_DEPRECATED_OBJC_IMPLEMENTATIONS = YES;
				CLANG_WARN_DIRECT_OBJC_ISA_USAGE = YES_ERROR;
				CLANG_WARN_DOCUMENTATION_COMMENTS = YES;
				CLANG_WARN_EMPTY_BODY = YES;
				CLANG_WARN_ENUM_CONVERSION = YES;
				CLANG_WARN_INFINITE_RECURSION = YES;
				CLANG_WARN_INT_CONVERSION = YES;
				CLANG_WARN_NON_LITERAL_NULL_CONVERSION = YES;
				CLANG_WARN_OBJC_IMPLICIT_RETAIN_SELF = YES;
				CLANG_WARN_OBJC_LITERAL_CONVERSION = YES;
				CLANG_WARN_OBJC_ROOT_CLASS = YES_ERROR;
				CLANG_WARN_QUOTED_INCLUDE_IN_FRAMEWORK_HEADER = YES;
				CLANG_WARN_RANGE_LOOP_ANALYSIS = YES;
				CLANG_WARN_STRICT_PROTOTYPES = YES;
				CLANG_WARN_SUSPICIOUS_MOVE = YES;
				CLANG_WARN_UNGUARDED_AVAILABILITY = YES_AGGRESSIVE;
				CLANG_WARN_UNREACHABLE_CODE = YES;
				CLANG_WARN__DUPLICATE_METHOD_MATCH = YES;
				COPY_PHASE_STRIP = NO;
				DEBUG_INFORMATION_FORMAT = "dwarf-with-dsym";
				ENABLE_NS_ASSERTIONS = NO;
				ENABLE_STRICT_OBJC_MSGSEND = YES;
				GCC_C_LANGUAGE_STANDARD = gnu11;
				GCC_NO_COMMON_BLOCKS = YES;
				GCC_WARN_64_TO_32_BIT_CONVERSION = YES;
				GCC_WARN_ABOUT_RETURN_TYPE = YES_ERROR;
				GCC_WARN_UNDECLARED_SELECTOR = YES;
				GCC_WARN_UNINITIALIZED_AUTOS = YES_AGGRESSIVE;
				GCC_WARN_UNUSED_FUNCTION = YES;
				GCC_WARN_UNUSED_VARIABLE = YES;
				IPHONEOS_DEPLOYMENT_TARGET = 15.4;
				MTL_ENABLE_DEBUG_INFO = NO;
				MTL_FAST_MATH = YES;
				SDKROOT = iphoneos;
				SWIFT_COMPILATION_MODE = wholemodule;
				SWIFT_OPTIMIZATION_LEVEL = "-O";
				VALIDATE_PRODUCT = YES;
			};
			name = Release;
		};
		E4A106032823FBF300F03B85 /* Debug */ = {
			isa = XCBuildConfiguration;
			baseConfigurationReference = 622CB305B42D955630497A79 /* Pods-TaskOne.debug.xcconfig */;
			buildSettings = {
				ASSETCATALOG_COMPILER_APPICON_NAME = AppIcon;
				ASSETCATALOG_COMPILER_GLOBAL_ACCENT_COLOR_NAME = AccentColor;
				CODE_SIGN_STYLE = Automatic;
				CURRENT_PROJECT_VERSION = 1;
				DEVELOPMENT_TEAM = RRW6B7FDKR;
				GENERATE_INFOPLIST_FILE = YES;
				INFOPLIST_FILE = TaskOne/Info.plist;
				INFOPLIST_KEY_UIApplicationSupportsIndirectInputEvents = YES;
				INFOPLIST_KEY_UILaunchStoryboardName = LaunchScreen;
				INFOPLIST_KEY_UIMainStoryboardFile = Main;
				INFOPLIST_KEY_UISupportedInterfaceOrientations_iPad = "UIInterfaceOrientationPortrait UIInterfaceOrientationPortraitUpsideDown UIInterfaceOrientationLandscapeLeft UIInterfaceOrientationLandscapeRight";
				INFOPLIST_KEY_UISupportedInterfaceOrientations_iPhone = "UIInterfaceOrientationPortrait UIInterfaceOrientationLandscapeLeft UIInterfaceOrientationLandscapeRight";
				LD_RUNPATH_SEARCH_PATHS = (
					"$(inherited)",
					"@executable_path/Frameworks",
				);
				MARKETING_VERSION = 1.0;
				PRODUCT_BUNDLE_IDENTIFIER = com.TaskOne;
				PRODUCT_NAME = "$(TARGET_NAME)";
				SWIFT_EMIT_LOC_STRINGS = YES;
				SWIFT_VERSION = 5.0;
				TARGETED_DEVICE_FAMILY = "1,2";
			};
			name = Debug;
		};
		E4A106042823FBF300F03B85 /* Release */ = {
			isa = XCBuildConfiguration;
			baseConfigurationReference = F63527A51F6E0C355F45A059 /* Pods-TaskOne.release.xcconfig */;
			buildSettings = {
				ASSETCATALOG_COMPILER_APPICON_NAME = AppIcon;
				ASSETCATALOG_COMPILER_GLOBAL_ACCENT_COLOR_NAME = AccentColor;
				CODE_SIGN_STYLE = Automatic;
				CURRENT_PROJECT_VERSION = 1;
				DEVELOPMENT_TEAM = RRW6B7FDKR;
				GENERATE_INFOPLIST_FILE = YES;
				INFOPLIST_FILE = TaskOne/Info.plist;
				INFOPLIST_KEY_UIApplicationSupportsIndirectInputEvents = YES;
				INFOPLIST_KEY_UILaunchStoryboardName = LaunchScreen;
				INFOPLIST_KEY_UIMainStoryboardFile = Main;
				INFOPLIST_KEY_UISupportedInterfaceOrientations_iPad = "UIInterfaceOrientationPortrait UIInterfaceOrientationPortraitUpsideDown UIInterfaceOrientationLandscapeLeft UIInterfaceOrientationLandscapeRight";
				INFOPLIST_KEY_UISupportedInterfaceOrientations_iPhone = "UIInterfaceOrientationPortrait UIInterfaceOrientationLandscapeLeft UIInterfaceOrientationLandscapeRight";
				LD_RUNPATH_SEARCH_PATHS = (
					"$(inherited)",
					"@executable_path/Frameworks",
				);
				MARKETING_VERSION = 1.0;
				PRODUCT_BUNDLE_IDENTIFIER = com.TaskOne;
				PRODUCT_NAME = "$(TARGET_NAME)";
				SWIFT_EMIT_LOC_STRINGS = YES;
				SWIFT_VERSION = 5.0;
				TARGETED_DEVICE_FAMILY = "1,2";
			};
			name = Release;
		};
/* End XCBuildConfiguration section */

/* Begin XCConfigurationList section */
		E4A105E62823FBF300F03B85 /* Build configuration list for PBXProject "TaskOne" */ = {
			isa = XCConfigurationList;
			buildConfigurations = (
				E4A106002823FBF300F03B85 /* Debug */,
				E4A106012823FBF300F03B85 /* Release */,
			);
			defaultConfigurationIsVisible = 0;
			defaultConfigurationName = Release;
		};
		E4A106022823FBF300F03B85 /* Build configuration list for PBXNativeTarget "TaskOne" */ = {
			isa = XCConfigurationList;
			buildConfigurations = (
				E4A106032823FBF300F03B85 /* Debug */,
				E4A106042823FBF300F03B85 /* Release */,
			);
			defaultConfigurationIsVisible = 0;
			defaultConfigurationName = Release;
		};
/* End XCConfigurationList section */

/* Begin XCVersionGroup section */
		E4A105F72823FBF300F03B85 /* TaskOne.xcdatamodeld */ = {
			isa = XCVersionGroup;
			children = (
				E4A105F82823FBF300F03B85 /* TaskOne.xcdatamodel */,
			);
			currentVersion = E4A105F82823FBF300F03B85 /* TaskOne.xcdatamodel */;
			path = TaskOne.xcdatamodeld;
			sourceTree = "<group>";
			versionGroupType = wrapper.xcdatamodel;
		};
/* End XCVersionGroup section */
	};
	rootObject = E4A105E32823FBF300F03B85 /* Project object */;
}
